
Microsoft Visual Studio Solution File, Format Version 12.00
# Visual Studio Version 16
VisualStudioVersion = 16.0.30011.22
MinimumVisualStudioVersion = 10.0.40219.1
Project("{FAE04EC0-301F-11D3-BF4B-00C04F79EFBC}") = "avast-primnuber-assignment", "avast-primnuber-assignment\avast-primnuber-assignment.csproj", "{865DF59A-D47E-4BDF-9420-D6864376D9E7}"
EndProject
Project("{FAE04EC0-301F-11D3-BF4B-00C04F79EFBC}") = "avast_primnuber_assignment.Tests", "avast_primnuber_assignment.Tests\avast_primnuber_assignment.Tests.csproj", "{143538DD-B5DC-46AB-BE60-F45B5362E7AA}"
EndProject
Global
	GlobalSection(SolutionConfigurationPlatforms) = preSolution
		Debug|Any CPU = Debug|Any CPU
		Release|Any CPU = Release|Any CPU
	EndGlobalSection
	GlobalSection(ProjectConfigurationPlatforms) = postSolution
		{865DF59A-D47E-4BDF-9420-D6864376D9E7}.Debug|Any CPU.ActiveCfg = Debug|Any CPU
		{865DF59A-D47E-4BDF-9420-D6864376D9E7}.Debug|Any CPU.Build.0 = Debug|Any CPU
		{865DF59A-D47E-4BDF-9420-D6864376D9E7}.Release|Any CPU.ActiveCfg = Release|Any CPU
		{865DF59A-D47E-4BDF-9420-D6864376D9E7}.Release|Any CPU.Build.0 = Release|Any CPU
		{143538DD-B5DC-46AB-BE60-F45B5362E7AA}.Debug|Any CPU.ActiveCfg = Debug|Any CPU
		{143538DD-B5DC-46AB-BE60-F45B5362E7AA}.Debug|Any CPU.Build.0 = Debug|Any CPU
		{143538DD-B5DC-46AB-BE60-F45B5362E7AA}.Release|Any CPU.ActiveCfg = Release|Any CPU
		{143538DD-B5DC-46AB-BE60-F45B5362E7AA}.Release|Any CPU.Build.0 = Release|Any CPU
	EndGlobalSection
	GlobalSection(SolutionProperties) = preSolution
		HideSolutionNode = FALSE
	EndGlobalSection
	GlobalSection(ExtensibilityGlobals) = postSolution
		SolutionGuid = {4EF9E0FD-22D3-4DE9-A679-1124B4E76DB6}
	EndGlobalSection
EndGlobal
